
Microsoft Visual Studio Solution File, Format Version 12.00
# Visual Studio 15
VisualStudioVersion = 15.0.28307.572
MinimumVisualStudioVersion = 10.0.40219.1
Project("{9A19103F-16F7-4668-BE54-9A1E7A4F7556}") = "XmlDataExportDemo", "XmlDataExportDemo.csproj", "{70FCA62F-1CDA-4131-82F3-4A469872332B}"
EndProject
Global
	GlobalSection(SolutionConfigurationPlatforms) = preSolution
		Debug|Any CPU = Debug|Any CPU
		Release|Any CPU = Release|Any CPU
	EndGlobalSection
	GlobalSection(ProjectConfigurationPlatforms) = postSolution
		{70FCA62F-1CDA-4131-82F3-4A469872332B}.Debug|Any CPU.ActiveCfg = Debug|Any CPU
		{70FCA62F-1CDA-4131-82F3-4A469872332B}.Debug|Any CPU.Build.0 = Debug|Any CPU
		{70FCA62F-1CDA-4131-82F3-4A469872332B}.Release|Any CPU.ActiveCfg = Release|Any CPU
		{70FCA62F-1CDA-4131-82F3-4A469872332B}.Release|Any CPU.Build.0 = Release|Any CPU
	EndGlobalSection
	GlobalSection(SolutionProperties) = preSolution
		HideSolutionNode = FALSE
	EndGlobalSection
	GlobalSection(ExtensibilityGlobals) = postSolution
		SolutionGuid = {A5B8A8DC-7320-43E0-93DF-30C19C6434B4}
	EndGlobalSection
EndGlobal
